
Microsoft Visual Studio Solution File, Format Version 12.00
# Visual Studio Version 16
VisualStudioVersion = 16.0.30204.135
MinimumVisualStudioVersion = 10.0.40219.1
Project("{FAE04EC0-301F-11D3-BF4B-00C04F79EFBC}") = "Lab 11.3RegistrationCont", "Lab 11.3RegistrationCont\Lab 11.3RegistrationCont.csproj", "{247E7BC0-7637-499F-88EB-A875BA6BFC08}"
EndProject
Global
	GlobalSection(SolutionConfigurationPlatforms) = preSolution
		Debug|Any CPU = Debug|Any CPU
		Release|Any CPU = Release|Any CPU
	EndGlobalSection
	GlobalSection(ProjectConfigurationPlatforms) = postSolution
		{247E7BC0-7637-499F-88EB-A875BA6BFC08}.Debug|Any CPU.ActiveCfg = Debug|Any CPU
		{247E7BC0-7637-499F-88EB-A875BA6BFC08}.Debug|Any CPU.Build.0 = Debug|Any CPU
		{247E7BC0-7637-499F-88EB-A875BA6BFC08}.Release|Any CPU.ActiveCfg = Release|Any CPU
		{247E7BC0-7637-499F-88EB-A875BA6BFC08}.Release|Any CPU.Build.0 = Release|Any CPU
	EndGlobalSection
	GlobalSection(SolutionProperties) = preSolution
		HideSolutionNode = FALSE
	EndGlobalSection
	GlobalSection(ExtensibilityGlobals) = postSolution
		SolutionGuid = {E368B08C-AEC4-4C3B-8F78-03D50E839563}
	EndGlobalSection
EndGlobal
